
Microsoft Visual Studio Solution File, Format Version 12.00
# Visual Studio Version 17
VisualStudioVersion = 17.10.35013.160
MinimumVisualStudioVersion = 10.0.40219.1
Project("{FAE04EC0-301F-11D3-BF4B-00C04F79EFBC}") = "GameClubAPI", "GameClubAPI\GameClubAPI.csproj", "{CCCD95FA-3637-4D7E-8B7D-0334A6D3ABDB}"
EndProject
Project("{FAE04EC0-301F-11D3-BF4B-00C04F79EFBC}") = "GameClubUI", "GameClubUI\GameClubUI.csproj", "{EF7280BA-F351-43D8-A277-7F727928F028}"
EndProject
Global
	GlobalSection(SolutionConfigurationPlatforms) = preSolution
		Debug|Any CPU = Debug|Any CPU
		Release|Any CPU = Release|Any CPU
	EndGlobalSection
	GlobalSection(ProjectConfigurationPlatforms) = postSolution
		{CCCD95FA-3637-4D7E-8B7D-0334A6D3ABDB}.Debug|Any CPU.ActiveCfg = Debug|Any CPU
		{CCCD95FA-3637-4D7E-8B7D-0334A6D3ABDB}.Debug|Any CPU.Build.0 = Debug|Any CPU
		{CCCD95FA-3637-4D7E-8B7D-0334A6D3ABDB}.Release|Any CPU.ActiveCfg = Release|Any CPU
		{CCCD95FA-3637-4D7E-8B7D-0334A6D3ABDB}.Release|Any CPU.Build.0 = Release|Any CPU
		{EF7280BA-F351-43D8-A277-7F727928F028}.Debug|Any CPU.ActiveCfg = Debug|Any CPU
		{EF7280BA-F351-43D8-A277-7F727928F028}.Debug|Any CPU.Build.0 = Debug|Any CPU
		{EF7280BA-F351-43D8-A277-7F727928F028}.Release|Any CPU.ActiveCfg = Release|Any CPU
		{EF7280BA-F351-43D8-A277-7F727928F028}.Release|Any CPU.Build.0 = Release|Any CPU
	EndGlobalSection
	GlobalSection(SolutionProperties) = preSolution
		HideSolutionNode = FALSE
	EndGlobalSection
	GlobalSection(ExtensibilityGlobals) = postSolution
		SolutionGuid = {E6C3D621-91CD-454A-ABF7-A0FE0C812075}
	EndGlobalSection
EndGlobal
